
Microsoft Visual Studio Solution File, Format Version 12.00
Project("{FAE04EC0-301F-11D3-BF4B-00C04F79EFBC}") = "SwordScript", "SwordScript\SwordScript.csproj", "{91C43B82-61E8-4E2F-9CF3-2CD1C7E30890}"
EndProject
Global
	GlobalSection(SolutionConfigurationPlatforms) = preSolution
		Debug|Any CPU = Debug|Any CPU
		Release|Any CPU = Release|Any CPU
	EndGlobalSection
	GlobalSection(ProjectConfigurationPlatforms) = postSolution
		{91C43B82-61E8-4E2F-9CF3-2CD1C7E30890}.Debug|Any CPU.ActiveCfg = Debug|Any CPU
		{91C43B82-61E8-4E2F-9CF3-2CD1C7E30890}.Debug|Any CPU.Build.0 = Debug|Any CPU
		{91C43B82-61E8-4E2F-9CF3-2CD1C7E30890}.Release|Any CPU.ActiveCfg = Release|Any CPU
		{91C43B82-61E8-4E2F-9CF3-2CD1C7E30890}.Release|Any CPU.Build.0 = Release|Any CPU
	EndGlobalSection
EndGlobal
